{
  "nodes": {
    "flake-utils": {
      "inputs": {
        "systems": "systems"
      },
      "locked": {
        "lastModified": 1731533236,
        "narHash": "sha256-l0KFg5HjrsfsO/JpG+r7fRrqm12kzFHyUHqHCVpMMbI=",
        "owner": "numtide",
        "repo": "flake-utils",
        "rev": "11707dc2f618dd54ca8739b309ec4fc024de578b",
        "type": "github"
      },
      "original": {
        "owner": "numtide",
        "repo": "flake-utils",
        "type": "github"
      }
    },
    "home-manager": {
      "inputs": {
        "nixpkgs": [
          "nixpkgs"
        ]
      },
      "locked": {
        "lastModified": 1743607567,
        "narHash": "sha256-kTzKPDFmNzwO1cK4fiJgPB/iSw7HgBAmknRTeAPJAeI=",
        "owner": "nix-community",
        "repo": "home-manager",
        "rev": "49748c74cdbae03d70381f150b810f92617f23aa",
        "type": "github"
      },
      "original": {
        "owner": "nix-community",
        "repo": "home-manager",
        "type": "github"
      }
    },
    "my-nixos-hardware": {
      "locked": {
        "lastModified": 1742572498,
        "narHash": "sha256-hlps8TpMM9+E8GepgPmBa35RhOsl5TkdbhNsMpjzqjI=",
        "owner": "samemrecebi",
        "repo": "nixos-hardware",
        "rev": "6297cb43c689539ec02c0a1bdfd4dca38ed7ba52",
        "type": "github"
      },
      "original": {
        "owner": "samemrecebi",
        "ref": "master",
        "repo": "nixos-hardware",
        "type": "github"
      }
    },
    "nix-darwin": {
      "inputs": {
        "nixpkgs": [
          "nixpkgs"
        ]
      },
      "locked": {
        "lastModified": 1743496612,
        "narHash": "sha256-emPWa5lmKbnyuj8c1mSJUkzJNT+iJoU9GMcXwjp2oVM=",
        "owner": "lnl7",
        "repo": "nix-darwin",
        "rev": "73d59580d01e9b9f957ba749f336a272869c42dd",
        "type": "github"
      },
      "original": {
        "owner": "lnl7",
        "ref": "master",
        "repo": "nix-darwin",
        "type": "github"
      }
    },
    "nixpkgs": {
      "locked": {
        "lastModified": 1743448293,
        "narHash": "sha256-bmEPmSjJakAp/JojZRrUvNcDX2R5/nuX6bm+seVaGhs=",
        "owner": "nixos",
        "repo": "nixpkgs",
        "rev": "77b584d61ff80b4cef9245829a6f1dfad5afdfa3",
        "type": "github"
      },
      "original": {
        "owner": "nixos",
        "ref": "nixos-unstable",
        "repo": "nixpkgs",
        "type": "github"
      }
    },
    "nixpkgs_2": {
      "locked": {
        "lastModified": 1734303123,
        "narHash": "sha256-R6KtZLZnep6k3d7yJg42DkVbXySEFLGDrhmu/B364t8=",
        "owner": "NixOS",
        "repo": "nixpkgs",
        "rev": "639295b1f6dc159631e7dec5a0b926ec2a2fdf9c",
        "type": "github"
      },
      "original": {
        "owner": "NixOS",
        "repo": "nixpkgs",
        "type": "github"
      }
    },
    "nonfree-fonts": {
      "inputs": {
        "flake-utils": "flake-utils",
        "nixpkgs": "nixpkgs_2",
        "nonfree-fonts": "nonfree-fonts_2"
      },
      "locked": {
        "lastModified": 1734309588,
        "narHash": "sha256-w+ddOBM8Eqcv7QVeQZcvTvJ15LnJKlxzaReHTatr9cU=",
        "owner": "samemrecebi",
        "repo": "font-flake",
        "rev": "963e59b12b46e126371667b8e911bde13d7efe6f",
        "type": "github"
      },
      "original": {
        "owner": "samemrecebi",
        "repo": "font-flake",
        "type": "github"
      }
    },
    "nonfree-fonts_2": {
      "flake": false,
      "locked": {
        "lastModified": 1733928065,
        "narHash": "sha256-Imu7muANeCgAtBHkpRNLUdElGxn/QALQFB4v5QfQXyU=",
        "ref": "refs/heads/main",
        "rev": "9a67397e4c8913d6679a1b23b7c21fc7770f2bf2",
        "revCount": 1,
        "type": "git",
        "url": "ssh://git@github.com/samemrecebi/fonts.git"
      },
      "original": {
        "type": "git",
        "url": "ssh://git@github.com/samemrecebi/fonts.git"
      }
    },
    "root": {
      "inputs": {
        "home-manager": "home-manager",
        "my-nixos-hardware": "my-nixos-hardware",
        "nix-darwin": "nix-darwin",
        "nixpkgs": "nixpkgs",
        "nonfree-fonts": "nonfree-fonts"
      }
    },
    "systems": {
      "locked": {
        "lastModified": 1681028828,
        "narHash": "sha256-Vy1rq5AaRuLzOxct8nz4T6wlgyUR7zLU309k9mBC768=",
        "owner": "nix-systems",
        "repo": "default",
        "rev": "da67096a3b9bf56a91d16901293e51ba5b49a27e",
        "type": "github"
      },
      "original": {
        "owner": "nix-systems",
        "repo": "default",
        "type": "github"
      }
    }
  },
  "root": "root",
  "version": 7
}
