{
  "nodes": {
    "alejandra": {
      "inputs": {
        "fenix": "fenix",
        "flakeCompat": "flakeCompat",
        "nixpkgs": [
          "nixpkgs"
        ]
      },
      "locked": {
        "lastModified": 1660592437,
        "narHash": "sha256-xFumnivtVwu5fFBOrTxrv6fv3geHKF04RGP23EsDVaI=",
        "owner": "kamadorueda",
        "repo": "alejandra",
        "rev": "e7eac49074b70814b542fee987af2987dd0520b5",
        "type": "github"
      },
      "original": {
        "owner": "kamadorueda",
        "ref": "3.0.0",
        "repo": "alejandra",
        "type": "github"
      }
    },
    "brew-src": {
      "flake": false,
      "locked": {
        "lastModified": 1711985568,
        "narHash": "sha256-VLeP9HGQwfkiuHDp648PXGCkogr3ktYm0q9Yj+i0lGQ=",
        "owner": "Homebrew",
        "repo": "brew",
        "rev": "bd1155be8f50998429a795c15a69c8fe75250510",
        "type": "github"
      },
      "original": {
        "owner": "Homebrew",
        "ref": "4.2.16",
        "repo": "brew",
        "type": "github"
      }
    },
    "fenix": {
      "inputs": {
        "nixpkgs": [
          "alejandra",
          "nixpkgs"
        ],
        "rust-analyzer-src": "rust-analyzer-src"
      },
      "locked": {
        "lastModified": 1657607339,
        "narHash": "sha256-HaqoAwlbVVZH2n4P3jN2FFPMpVuhxDy1poNOR7kzODc=",
        "owner": "nix-community",
        "repo": "fenix",
        "rev": "b814c83d9e6aa5a28d0cf356ecfdafb2505ad37d",
        "type": "github"
      },
      "original": {
        "owner": "nix-community",
        "repo": "fenix",
        "type": "github"
      }
    },
    "flake-utils": {
      "inputs": {
        "systems": "systems"
      },
      "locked": {
        "lastModified": 1687709756,
        "narHash": "sha256-Y5wKlQSkgEK2weWdOu4J3riRd+kV/VCgHsqLNTTWQ/0=",
        "owner": "numtide",
        "repo": "flake-utils",
        "rev": "dbabf0ca0c0c4bce6ea5eaf65af5cb694d2082c7",
        "type": "github"
      },
      "original": {
        "owner": "numtide",
        "repo": "flake-utils",
        "type": "github"
      }
    },
    "flakeCompat": {
      "flake": false,
      "locked": {
        "lastModified": 1650374568,
        "narHash": "sha256-Z+s0J8/r907g149rllvwhb4pKi8Wam5ij0st8PwAh+E=",
        "owner": "edolstra",
        "repo": "flake-compat",
        "rev": "b4a34015c698c7793d592d66adbab377907a2be8",
        "type": "github"
      },
      "original": {
        "owner": "edolstra",
        "repo": "flake-compat",
        "type": "github"
      }
    },
    "home-manager": {
      "inputs": {
        "nixpkgs": [
          "nixpkgs"
        ]
      },
      "locked": {
        "lastModified": 1715486357,
        "narHash": "sha256-4pRuzsHZOW5W4CsXI9uhKtiJeQSUoe1d2M9mWU98HC4=",
        "owner": "nix-community",
        "repo": "home-manager",
        "rev": "44677a1c96810a8e8c4ffaeaad10c842402647c1",
        "type": "github"
      },
      "original": {
        "owner": "nix-community",
        "repo": "home-manager",
        "type": "github"
      }
    },
    "homebrew-bundle": {
      "flake": false,
      "locked": {
        "lastModified": 1715208767,
        "narHash": "sha256-44iV2xSxytMZat8+lPbW9jBj9kUce84P1sYj2sjqiUQ=",
        "owner": "homebrew",
        "repo": "homebrew-bundle",
        "rev": "114edd435d2f6abfa1ebb84b3a47bf9c8efe3870",
        "type": "github"
      },
      "original": {
        "owner": "homebrew",
        "repo": "homebrew-bundle",
        "type": "github"
      }
    },
    "homebrew-cask": {
      "flake": false,
      "locked": {
        "lastModified": 1715682139,
        "narHash": "sha256-ZSZIDlftiFvAg9ujwxiqiz3h24pfaxARkrLibpwQfbA=",
        "owner": "homebrew",
        "repo": "homebrew-cask",
        "rev": "e94b574c89c74f438f02b811f66818402ed7de50",
        "type": "github"
      },
      "original": {
        "owner": "homebrew",
        "repo": "homebrew-cask",
        "type": "github"
      }
    },
    "homebrew-core": {
      "flake": false,
      "locked": {
        "lastModified": 1715683736,
        "narHash": "sha256-P/SDSsUnf//0P2quCcZMH6VbSBFp+2iNE3POPQLgqEs=",
        "owner": "homebrew",
        "repo": "homebrew-core",
        "rev": "6ddd1e74f79967fcc5ce63544de84480b1707e0e",
        "type": "github"
      },
      "original": {
        "owner": "homebrew",
        "repo": "homebrew-core",
        "type": "github"
      }
    },
    "homebrew-services": {
      "flake": false,
      "locked": {
        "lastModified": 1715240314,
        "narHash": "sha256-hH6Mw9LqlNeMj4zkwlbRwZVkPgwSy6qnGMrsB8cc7YQ=",
        "owner": "homebrew",
        "repo": "homebrew-services",
        "rev": "ace980db3a870d993f49f38137836d489a0e4a96",
        "type": "github"
      },
      "original": {
        "owner": "homebrew",
        "repo": "homebrew-services",
        "type": "github"
      }
    },
    "nix-darwin": {
      "inputs": {
        "nixpkgs": [
          "nixpkgs"
        ]
      },
      "locked": {
        "lastModified": 1715653378,
        "narHash": "sha256-6kbg/PI3+SBP17f4T0js3CBsMLVtlD0JqJhDKgzk1mQ=",
        "owner": "lnl7",
        "repo": "nix-darwin",
        "rev": "de8b0d60d6fd34f35abffc46adc94ebaa6996ce2",
        "type": "github"
      },
      "original": {
        "owner": "lnl7",
        "ref": "master",
        "repo": "nix-darwin",
        "type": "github"
      }
    },
    "nix-darwin_2": {
      "inputs": {
        "nixpkgs": "nixpkgs"
      },
      "locked": {
        "lastModified": 1688307440,
        "narHash": "sha256-7PTjbN+/+b799YN7Tk2SS5Vh8A0L3gBo8hmB7Y0VXug=",
        "owner": "LnL7",
        "repo": "nix-darwin",
        "rev": "b06bab83bdf285ea0ae3c8e145a081eb95959047",
        "type": "github"
      },
      "original": {
        "owner": "LnL7",
        "repo": "nix-darwin",
        "type": "github"
      }
    },
    "nix-homebrew": {
      "inputs": {
        "brew-src": "brew-src",
        "flake-utils": "flake-utils",
        "nix-darwin": "nix-darwin_2",
        "nixpkgs": "nixpkgs_2"
      },
      "locked": {
        "lastModified": 1712182779,
        "narHash": "sha256-DchWIKi4c7Jl7CJXVzOxVetxy+SqnlAY3QuUNy8z+aE=",
        "owner": "zhaofengli-wip",
        "repo": "nix-homebrew",
        "rev": "445f7989e096fb90902eed4256b04d8b57c8b358",
        "type": "github"
      },
      "original": {
        "owner": "zhaofengli-wip",
        "repo": "nix-homebrew",
        "type": "github"
      }
    },
    "nixos-hardware": {
      "locked": {
        "lastModified": 1715148395,
        "narHash": "sha256-lRxjTxY3103LGMjWdVqntKZHhlmMX12QUjeFrQMmGaE=",
        "owner": "NixOS",
        "repo": "nixos-hardware",
        "rev": "a4e2b7909fc1bdf30c30ef21d388fde0b5cdde4a",
        "type": "github"
      },
      "original": {
        "owner": "NixOS",
        "ref": "master",
        "repo": "nixos-hardware",
        "type": "github"
      }
    },
    "nixpkgs": {
      "locked": {
        "lastModified": 1687274257,
        "narHash": "sha256-TutzPriQcZ8FghDhEolnHcYU2oHIG5XWF+/SUBNnAOE=",
        "path": "/nix/store/22qgs3skscd9bmrxv9xv4q5d4wwm5ppx-source",
        "rev": "2c9ecd1f0400076a4d6b2193ad468ff0a7e7fdc5",
        "type": "path"
      },
      "original": {
        "id": "nixpkgs",
        "type": "indirect"
      }
    },
    "nixpkgs_2": {
      "locked": {
        "lastModified": 1688049487,
        "narHash": "sha256-100g4iaKC9MalDjUW9iN6Jl/OocTDtXdeAj7pEGIRh4=",
        "owner": "NixOS",
        "repo": "nixpkgs",
        "rev": "4bc72cae107788bf3f24f30db2e2f685c9298dc9",
        "type": "github"
      },
      "original": {
        "owner": "NixOS",
        "ref": "nixos-unstable",
        "repo": "nixpkgs",
        "type": "github"
      }
    },
    "nixpkgs_3": {
      "locked": {
        "lastModified": 1715534503,
        "narHash": "sha256-5ZSVkFadZbFP1THataCaSf0JH2cAH3S29hU9rrxTEqk=",
        "owner": "nixos",
        "repo": "nixpkgs",
        "rev": "2057814051972fa1453ddfb0d98badbea9b83c06",
        "type": "github"
      },
      "original": {
        "owner": "nixos",
        "ref": "nixos-unstable",
        "repo": "nixpkgs",
        "type": "github"
      }
    },
    "root": {
      "inputs": {
        "alejandra": "alejandra",
        "home-manager": "home-manager",
        "homebrew-bundle": "homebrew-bundle",
        "homebrew-cask": "homebrew-cask",
        "homebrew-core": "homebrew-core",
        "homebrew-services": "homebrew-services",
        "nix-darwin": "nix-darwin",
        "nix-homebrew": "nix-homebrew",
        "nixos-hardware": "nixos-hardware",
        "nixpkgs": "nixpkgs_3"
      }
    },
    "rust-analyzer-src": {
      "flake": false,
      "locked": {
        "lastModified": 1657557289,
        "narHash": "sha256-PRW+nUwuqNTRAEa83SfX+7g+g8nQ+2MMbasQ9nt6+UM=",
        "owner": "rust-lang",
        "repo": "rust-analyzer",
        "rev": "caf23f29144b371035b864a1017dbc32573ad56d",
        "type": "github"
      },
      "original": {
        "owner": "rust-lang",
        "ref": "nightly",
        "repo": "rust-analyzer",
        "type": "github"
      }
    },
    "systems": {
      "locked": {
        "lastModified": 1681028828,
        "narHash": "sha256-Vy1rq5AaRuLzOxct8nz4T6wlgyUR7zLU309k9mBC768=",
        "owner": "nix-systems",
        "repo": "default",
        "rev": "da67096a3b9bf56a91d16901293e51ba5b49a27e",
        "type": "github"
      },
      "original": {
        "owner": "nix-systems",
        "repo": "default",
        "type": "github"
      }
    }
  },
  "root": "root",
  "version": 7
}
